
Microsoft Visual Studio Solution File, Format Version 12.00
Project("{FAE04EC0-301F-11D3-BF4B-00C04F79EFBC}") = "Algorithms.V3", "Algorithms.V3\Algorithms.V3.csproj", "{6BEA926D-F4D1-4608-B309-C282569D9467}"
EndProject
Global
	GlobalSection(SolutionConfigurationPlatforms) = preSolution
		Debug|Any CPU = Debug|Any CPU
		Release|Any CPU = Release|Any CPU
	EndGlobalSection
	GlobalSection(ProjectConfigurationPlatforms) = postSolution
		{6BEA926D-F4D1-4608-B309-C282569D9467}.Debug|Any CPU.ActiveCfg = Debug|Any CPU
		{6BEA926D-F4D1-4608-B309-C282569D9467}.Debug|Any CPU.Build.0 = Debug|Any CPU
		{6BEA926D-F4D1-4608-B309-C282569D9467}.Release|Any CPU.ActiveCfg = Release|Any CPU
		{6BEA926D-F4D1-4608-B309-C282569D9467}.Release|Any CPU.Build.0 = Release|Any CPU
	EndGlobalSection
EndGlobal
